
Microsoft Visual Studio Solution File, Format Version 12.00
# Visual Studio 15
VisualStudioVersion = 15.0.28307.902
MinimumVisualStudioVersion = 10.0.40219.1
Project("{FAE04EC0-301F-11D3-BF4B-00C04F79EFBC}") = "OverdeRheinKraanKeuringen", "OverdeRheinKraanKeuringen\OverdeRheinKraanKeuringen.csproj", "{1C5C11F7-58C3-474E-BD6D-5608367D7CE5}"
EndProject
Global
	GlobalSection(SolutionConfigurationPlatforms) = preSolution
		Debug|Any CPU = Debug|Any CPU
		Release|Any CPU = Release|Any CPU
	EndGlobalSection
	GlobalSection(ProjectConfigurationPlatforms) = postSolution
		{1C5C11F7-58C3-474E-BD6D-5608367D7CE5}.Debug|Any CPU.ActiveCfg = Debug|Any CPU
		{1C5C11F7-58C3-474E-BD6D-5608367D7CE5}.Debug|Any CPU.Build.0 = Debug|Any CPU
		{1C5C11F7-58C3-474E-BD6D-5608367D7CE5}.Release|Any CPU.ActiveCfg = Release|Any CPU
		{1C5C11F7-58C3-474E-BD6D-5608367D7CE5}.Release|Any CPU.Build.0 = Release|Any CPU
	EndGlobalSection
	GlobalSection(SolutionProperties) = preSolution
		HideSolutionNode = FALSE
	EndGlobalSection
	GlobalSection(ExtensibilityGlobals) = postSolution
		SolutionGuid = {AC142D10-9657-4AFF-8AB1-509C03403AE9}
	EndGlobalSection
EndGlobal
